
Microsoft Visual Studio Solution File, Format Version 12.00
# Visual Studio Version 17
VisualStudioVersion = 17.10.35013.160
MinimumVisualStudioVersion = 10.0.40219.1
Project("{9A19103F-16F7-4668-BE54-9A1E7A4F7556}") = "PlagiarismChecker", "PlagiarismChecker\PlagiarismChecker.csproj", "{8894EAA7-E6E0-4133-ABBA-03C6713E861F}"
EndProject
Global
	GlobalSection(SolutionConfigurationPlatforms) = preSolution
		Debug|Any CPU = Debug|Any CPU
		Release|Any CPU = Release|Any CPU
	EndGlobalSection
	GlobalSection(ProjectConfigurationPlatforms) = postSolution
		{8894EAA7-E6E0-4133-ABBA-03C6713E861F}.Debug|Any CPU.ActiveCfg = Debug|Any CPU
		{8894EAA7-E6E0-4133-ABBA-03C6713E861F}.Debug|Any CPU.Build.0 = Debug|Any CPU
		{8894EAA7-E6E0-4133-ABBA-03C6713E861F}.Release|Any CPU.ActiveCfg = Release|Any CPU
		{8894EAA7-E6E0-4133-ABBA-03C6713E861F}.Release|Any CPU.Build.0 = Release|Any CPU
	EndGlobalSection
	GlobalSection(SolutionProperties) = preSolution
		HideSolutionNode = FALSE
	EndGlobalSection
	GlobalSection(ExtensibilityGlobals) = postSolution
		SolutionGuid = {0E66CCA0-77B6-4C36-A1E4-239616EA958F}
	EndGlobalSection
EndGlobal
